
Microsoft Visual Studio Solution File, Format Version 12.00
# Visual Studio Version 17
VisualStudioVersion = 17.12.35707.178 d17.12
MinimumVisualStudioVersion = 10.0.40219.1
Project("{FAE04EC0-301F-11D3-BF4B-00C04F79EFBC}") = "Gestion_de_autos", "Gestion_de_autos.csproj", "{F5C6F467-3C8F-4C58-AB44-C24F513C9042}"
EndProject
Global
	GlobalSection(SolutionConfigurationPlatforms) = preSolution
		Debug|Any CPU = Debug|Any CPU
		Release|Any CPU = Release|Any CPU
	EndGlobalSection
	GlobalSection(ProjectConfigurationPlatforms) = postSolution
		{F5C6F467-3C8F-4C58-AB44-C24F513C9042}.Debug|Any CPU.ActiveCfg = Debug|Any CPU
		{F5C6F467-3C8F-4C58-AB44-C24F513C9042}.Debug|Any CPU.Build.0 = Debug|Any CPU
		{F5C6F467-3C8F-4C58-AB44-C24F513C9042}.Release|Any CPU.ActiveCfg = Release|Any CPU
		{F5C6F467-3C8F-4C58-AB44-C24F513C9042}.Release|Any CPU.Build.0 = Release|Any CPU
	EndGlobalSection
	GlobalSection(SolutionProperties) = preSolution
		HideSolutionNode = FALSE
	EndGlobalSection
EndGlobal
